
Microsoft Visual Studio Solution File, Format Version 12.00
# Visual Studio Version 17
VisualStudioVersion = 17.14.37111.16 d17.14
MinimumVisualStudioVersion = 10.0.40219.1
Project("{FAE04EC0-301F-11D3-BF4B-00C04F79EFBC}") = "RoteiroXML", "RoteiroXML\RoteiroXML.csproj", "{CF61EC07-AD31-48BF-94FF-5D80F588876D}"
EndProject
Global
	GlobalSection(SolutionConfigurationPlatforms) = preSolution
		Debug|Any CPU = Debug|Any CPU
		Release|Any CPU = Release|Any CPU
	EndGlobalSection
	GlobalSection(ProjectConfigurationPlatforms) = postSolution
		{CF61EC07-AD31-48BF-94FF-5D80F588876D}.Debug|Any CPU.ActiveCfg = Debug|Any CPU
		{CF61EC07-AD31-48BF-94FF-5D80F588876D}.Debug|Any CPU.Build.0 = Debug|Any CPU
		{CF61EC07-AD31-48BF-94FF-5D80F588876D}.Release|Any CPU.ActiveCfg = Release|Any CPU
		{CF61EC07-AD31-48BF-94FF-5D80F588876D}.Release|Any CPU.Build.0 = Release|Any CPU
	EndGlobalSection
	GlobalSection(SolutionProperties) = preSolution
		HideSolutionNode = FALSE
	EndGlobalSection
	GlobalSection(ExtensibilityGlobals) = postSolution
		SolutionGuid = {98F9A130-F11F-4030-A470-1E690933C189}
	EndGlobalSection
EndGlobal
