
Microsoft Visual Studio Solution File, Format Version 12.00
# Visual Studio Version 17
VisualStudioVersion = 17.14.36518.9 d17.14
MinimumVisualStudioVersion = 10.0.40219.1
Project("{FAE04EC0-301F-11D3-BF4B-00C04F79EFBC}") = "BibliotecaConversao", "BibliotecaConversao\BibliotecaConversao.csproj", "{CEA64698-8579-4F5C-87A8-62C201466B70}"
EndProject
Global
	GlobalSection(SolutionConfigurationPlatforms) = preSolution
		Debug|Any CPU = Debug|Any CPU
		Release|Any CPU = Release|Any CPU
	EndGlobalSection
	GlobalSection(ProjectConfigurationPlatforms) = postSolution
		{CEA64698-8579-4F5C-87A8-62C201466B70}.Debug|Any CPU.ActiveCfg = Debug|Any CPU
		{CEA64698-8579-4F5C-87A8-62C201466B70}.Debug|Any CPU.Build.0 = Debug|Any CPU
		{CEA64698-8579-4F5C-87A8-62C201466B70}.Release|Any CPU.ActiveCfg = Release|Any CPU
		{CEA64698-8579-4F5C-87A8-62C201466B70}.Release|Any CPU.Build.0 = Release|Any CPU
	EndGlobalSection
	GlobalSection(SolutionProperties) = preSolution
		HideSolutionNode = FALSE
	EndGlobalSection
	GlobalSection(ExtensibilityGlobals) = postSolution
		SolutionGuid = {364692EC-9254-43A4-8A3D-4928C98C3DC6}
	EndGlobalSection
EndGlobal
